PODS:
  - IQKeyboardManager (6.2.0)
  - Masonry (1.1.0)

DEPENDENCIES:
  - IQKeyboardManager
  - Masonry

SPEC REPOS:
  https://github.com/cocoapods/specs.git:
    - IQKeyboardManager
    - Masonry

SPEC CHECKSUMS:
  IQKeyboardManager: 6194101620b73af5e67900b8f89707a99de0b804
  Masonry: 678fab65091a9290e40e2832a55e7ab731aad201

PODFILE CHECKSUM: a1e7fbc66af7c33d581952452c7850479c55d46e

COCOAPODS: 1.5.3
